// !$*UTF8*$!
{
	archiveVersion = 1;
	classes = {
	};
	objectVersion = 50;
	objects = {

/* Begin PBXBuildFile section */
		A809A32C269CA82B00519D6B /* PreviewTitleLabel.swift in Sources */ = {isa = PBXBuildFile; fileRef = A809A32B269CA82B00519D6B /* PreviewTitleLabel.swift */; };
		A809A32F269CAE6100519D6B /* TrackPlayerView.swift in Sources */ = {isa = PBXBuildFile; fileRef = A809A32D269CAE6100519D6B /* TrackPlayerView.swift */; };
		A809A334269CAECD00519D6B /* TrackPreviewAudio.swift in Sources */ = {isa = PBXBuildFile; fileRef = A809A333269CAECD00519D6B /* TrackPreviewAudio.swift */; };
		A812CD882695C456001D8736 /* Router.swift in Sources */ = {isa = PBXBuildFile; fileRef = A812CD872695C456001D8736 /* Router.swift */; };
		A812CD8A2695CB4D001D8736 /* SearchViewModel.swift in Sources */ = {isa = PBXBuildFile; fileRef = A812CD892695CB4D001D8736 /* SearchViewModel.swift */; };
		A812CD8C2695CFAB001D8736 /* SearchCell.swift in Sources */ = {isa = PBXBuildFile; fileRef = A812CD8B2695CFAB001D8736 /* SearchCell.swift */; };
		A812CD912695FE59001D8736 /* SearchCounterLabel.swift in Sources */ = {isa = PBXBuildFile; fileRef = A812CD902695FE59001D8736 /* SearchCounterLabel.swift */; };
		A812CD93269615D4001D8736 /* SearchCellModel.swift in Sources */ = {isa = PBXBuildFile; fileRef = A812CD92269615D4001D8736 /* SearchCellModel.swift */; };
		A8131B2D2699ABE000AB0A53 /* SearchCellLayout.swift in Sources */ = {isa = PBXBuildFile; fileRef = A8131B2C2699ABE000AB0A53 /* SearchCellLayout.swift */; };
		A8131B2F2699AD1000AB0A53 /* PreviewViewController.swift in Sources */ = {isa = PBXBuildFile; fileRef = A8131B2E2699AD1000AB0A53 /* PreviewViewController.swift */; };
		A8131B322699AD4300AB0A53 /* PreviewViewModel.swift in Sources */ = {isa = PBXBuildFile; fileRef = A8131B312699AD4300AB0A53 /* PreviewViewModel.swift */; };
		A81603D626972B7800551C97 /* iTunesItem.swift in Sources */ = {isa = PBXBuildFile; fileRef = A81603D526972B7800551C97 /* iTunesItem.swift */; };
		A81603D926972E7600551C97 /* iTunesList.swift in Sources */ = {isa = PBXBuildFile; fileRef = A81603D826972E7600551C97 /* iTunesList.swift */; };
		A81603DB26972EC400551C97 /* SearchService.swift in Sources */ = {isa = PBXBuildFile; fileRef = A81603DA26972EC400551C97 /* SearchService.swift */; };
		A81604362697350200551C97 /* SearchToast.swift in Sources */ = {isa = PBXBuildFile; fileRef = A81604352697350200551C97 /* SearchToast.swift */; };
		A816043826973DBA00551C97 /* SearchError.swift in Sources */ = {isa = PBXBuildFile; fileRef = A816043726973DBA00551C97 /* SearchError.swift */; };
		A816043A26973E7700551C97 /* ImageService.swift in Sources */ = {isa = PBXBuildFile; fileRef = A816043926973E7700551C97 /* ImageService.swift */; };
		A816043C26973F2900551C97 /* ImageCache.swift in Sources */ = {isa = PBXBuildFile; fileRef = A816043B26973F2900551C97 /* ImageCache.swift */; };
		A816043F26976FB000551C97 /* Logger.swift in Sources */ = {isa = PBXBuildFile; fileRef = A816043E26976FB000551C97 /* Logger.swift */; };
		A86875982695B356008C7D1D /* SearchViewController.swift in Sources */ = {isa = PBXBuildFile; fileRef = A86875972695B356008C7D1D /* SearchViewController.swift */; };
		A887FCF326A3872500CC3D52 /* TrackDownloader.swift in Sources */ = {isa = PBXBuildFile; fileRef = A887FCF226A3872500CC3D52 /* TrackDownloader.swift */; };
		A8C6512C269F418F007C2751 /* PreviewViewControllerLayout.swift in Sources */ = {isa = PBXBuildFile; fileRef = A8C6512B269F418F007C2751 /* PreviewViewControllerLayout.swift */; };
		F46E6AE0267A466D00C30769 /* AppDelegate.swift in Sources */ = {isa = PBXBuildFile; fileRef = F46E6ADF267A466D00C30769 /* AppDelegate.swift */; };
		F46E6AE2267A466D00C30769 /* SceneDelegate.swift in Sources */ = {isa = PBXBuildFile; fileRef = F46E6AE1267A466D00C30769 /* SceneDelegate.swift */; };
		F46E6AE9267A466E00C30769 /* Assets.xcassets in Resources */ = {isa = PBXBuildFile; fileRef = F46E6AE8267A466E00C30769 /* Assets.xcassets */; };
		F46E6AEC267A466E00C30769 /* LaunchScreen.storyboard in Resources */ = {isa = PBXBuildFile; fileRef = F46E6AEA267A466E00C30769 /* LaunchScreen.storyboard */; };
		F4BEE7BE267A822F0063C1B1 /* README.md in Resources */ = {isa = PBXBuildFile; fileRef = F4BEE7BD267A822F0063C1B1 /* README.md */; };
/* End PBXBuildFile section */

/* Begin PBXFileReference section */
		A809A32B269CA82B00519D6B /* PreviewTitleLabel.swift */ = {isa = PBXFileReference; lastKnownFileType = sourcecode.swift; path = PreviewTitleLabel.swift; sourceTree = "<group>"; };
		A809A32D269CAE6100519D6B /* TrackPlayerView.swift */ = {isa = PBXFileReference; fileEncoding = 4; lastKnownFileType = sourcecode.swift; path = TrackPlayerView.swift; sourceTree = "<group>"; };
		A809A333269CAECD00519D6B /* TrackPreviewAudio.swift */ = {isa = PBXFileReference; lastKnownFileType = sourcecode.swift; path = TrackPreviewAudio.swift; sourceTree = "<group>"; };
		A812CD872695C456001D8736 /* Router.swift */ = {isa = PBXFileReference; lastKnownFileType = sourcecode.swift; path = Router.swift; sourceTree = "<group>"; };
		A812CD892695CB4D001D8736 /* SearchViewModel.swift */ = {isa = PBXFileReference; lastKnownFileType = sourcecode.swift; path = SearchViewModel.swift; sourceTree = "<group>"; };
		A812CD8B2695CFAB001D8736 /* SearchCell.swift */ = {isa = PBXFileReference; lastKnownFileType = sourcecode.swift; path = SearchCell.swift; sourceTree = "<group>"; };
		A812CD902695FE59001D8736 /* SearchCounterLabel.swift */ = {isa = PBXFileReference; lastKnownFileType = sourcecode.swift; path = SearchCounterLabel.swift; sourceTree = "<group>"; };
		A812CD92269615D4001D8736 /* SearchCellModel.swift */ = {isa = PBXFileReference; lastKnownFileType = sourcecode.swift; path = SearchCellModel.swift; sourceTree = "<group>"; };
		A8131B2C2699ABE000AB0A53 /* SearchCellLayout.swift */ = {isa = PBXFileReference; lastKnownFileType = sourcecode.swift; path = SearchCellLayout.swift; sourceTree = "<group>"; };
		A8131B2E2699AD1000AB0A53 /* PreviewViewController.swift */ = {isa = PBXFileReference; lastKnownFileType = sourcecode.swift; path = PreviewViewController.swift; sourceTree = "<group>"; };
		A8131B312699AD4300AB0A53 /* PreviewViewModel.swift */ = {isa = PBXFileReference; lastKnownFileType = sourcecode.swift; path = PreviewViewModel.swift; sourceTree = "<group>"; };
		A81603D526972B7800551C97 /* iTunesItem.swift */ = {isa = PBXFileReference; lastKnownFileType = sourcecode.swift; path = iTunesItem.swift; sourceTree = "<group>"; };
		A81603D826972E7600551C97 /* iTunesList.swift */ = {isa = PBXFileReference; lastKnownFileType = sourcecode.swift; path = iTunesList.swift; sourceTree = "<group>"; };
		A81603DA26972EC400551C97 /* SearchService.swift */ = {isa = PBXFileReference; lastKnownFileType = sourcecode.swift; path = SearchService.swift; sourceTree = "<group>"; };
		A81604352697350200551C97 /* SearchToast.swift */ = {isa = PBXFileReference; lastKnownFileType = sourcecode.swift; path = SearchToast.swift; sourceTree = "<group>"; };
		A816043726973DBA00551C97 /* SearchError.swift */ = {isa = PBXFileReference; lastKnownFileType = sourcecode.swift; path = SearchError.swift; sourceTree = "<group>"; };
		A816043926973E7700551C97 /* ImageService.swift */ = {isa = PBXFileReference; lastKnownFileType = sourcecode.swift; path = ImageService.swift; sourceTree = "<group>"; };
		A816043B26973F2900551C97 /* ImageCache.swift */ = {isa = PBXFileReference; lastKnownFileType = sourcecode.swift; path = ImageCache.swift; sourceTree = "<group>"; };
		A816043E26976FB000551C97 /* Logger.swift */ = {isa = PBXFileReference; lastKnownFileType = sourcecode.swift; path = Logger.swift; sourceTree = "<group>"; };
		A86875972695B356008C7D1D /* SearchViewController.swift */ = {isa = PBXFileReference; lastKnownFileType = sourcecode.swift; path = SearchViewController.swift; sourceTree = "<group>"; };
		A887FCF226A3872500CC3D52 /* TrackDownloader.swift */ = {isa = PBXFileReference; lastKnownFileType = sourcecode.swift; path = TrackDownloader.swift; sourceTree = "<group>"; };
		A8C6512B269F418F007C2751 /* PreviewViewControllerLayout.swift */ = {isa = PBXFileReference; lastKnownFileType = sourcecode.swift; path = PreviewViewControllerLayout.swift; sourceTree = "<group>"; };
		F46E6ADC267A466D00C30769 /* iTunesSearch.app */ = {isa = PBXFileReference; explicitFileType = wrapper.application; includeInIndex = 0; path = iTunesSearch.app; sourceTree = BUILT_PRODUCTS_DIR; };
		F46E6ADF267A466D00C30769 /* AppDelegate.swift */ = {isa = PBXFileReference; lastKnownFileType = sourcecode.swift; path = AppDelegate.swift; sourceTree = "<group>"; };
		F46E6AE1267A466D00C30769 /* SceneDelegate.swift */ = {isa = PBXFileReference; lastKnownFileType = sourcecode.swift; path = SceneDelegate.swift; sourceTree = "<group>"; };
		F46E6AE8267A466E00C30769 /* Assets.xcassets */ = {isa = PBXFileReference; lastKnownFileType = folder.assetcatalog; path = Assets.xcassets; sourceTree = "<group>"; };
		F46E6AEB267A466E00C30769 /* Base */ = {isa = PBXFileReference; lastKnownFileType = file.storyboard; name = Base; path = Base.lproj/LaunchScreen.storyboard; sourceTree = "<group>"; };
		F46E6AED267A466E00C30769 /* Info.plist */ = {isa = PBXFileReference; lastKnownFileType = text.plist.xml; path = Info.plist; sourceTree = "<group>"; };
		F4BEE7BD267A822F0063C1B1 /* README.md */ = {isa = PBXFileReference; fileEncoding = 4; lastKnownFileType = net.daringfireball.markdown; path = README.md; sourceTree = SOURCE_ROOT; };
/* End PBXFileReference section */

/* Begin PBXFrameworksBuildPhase section */
		F46E6AD9267A466D00C30769 /* Frameworks */ = {
			isa = PBXFrameworksBuildPhase;
			buildActionMask = 2147483647;
			files = (
			);
			runOnlyForDeploymentPostprocessing = 0;
		};
/* End PBXFrameworksBuildPhase section */

/* Begin PBXGroup section */
		A812CD8D2695FB95001D8736 /* Search */ = {
			isa = PBXGroup;
			children = (
				A86875972695B356008C7D1D /* SearchViewController.swift */,
				A812CD892695CB4D001D8736 /* SearchViewModel.swift */,
				A812CD902695FE59001D8736 /* SearchCounterLabel.swift */,
				A81604352697350200551C97 /* SearchToast.swift */,
				A8131B332699AD5200AB0A53 /* Cell */,
			);
			path = Search;
			sourceTree = "<group>";
		};
		A812CD8E2695FBAC001D8736 /* Resourses */ = {
			isa = PBXGroup;
			children = (
				F46E6AE8267A466E00C30769 /* Assets.xcassets */,
				F46E6AEA267A466E00C30769 /* LaunchScreen.storyboard */,
			);
			path = Resourses;
			sourceTree = "<group>";
		};
		A812CD8F2695FBC8001D8736 /* System */ = {
			isa = PBXGroup;
			children = (
				F46E6ADF267A466D00C30769 /* AppDelegate.swift */,
				F46E6AE1267A466D00C30769 /* SceneDelegate.swift */,
				A812CD872695C456001D8736 /* Router.swift */,
				A816043E26976FB000551C97 /* Logger.swift */,
			);
			path = System;
			sourceTree = "<group>";
		};
		A8131B302699AD1800AB0A53 /* Preview */ = {
			isa = PBXGroup;
			children = (
				A809A32D269CAE6100519D6B /* TrackPlayerView.swift */,
				A8131B2E2699AD1000AB0A53 /* PreviewViewController.swift */,
				A8C6512B269F418F007C2751 /* PreviewViewControllerLayout.swift */,
				A8131B312699AD4300AB0A53 /* PreviewViewModel.swift */,
				A809A333269CAECD00519D6B /* TrackPreviewAudio.swift */,
				A809A32B269CA82B00519D6B /* PreviewTitleLabel.swift */,
			);
			path = Preview;
			sourceTree = "<group>";
		};
		A8131B332699AD5200AB0A53 /* Cell */ = {
			isa = PBXGroup;
			children = (
				A812CD8B2695CFAB001D8736 /* SearchCell.swift */,
				A8131B2C2699ABE000AB0A53 /* SearchCellLayout.swift */,
				A812CD92269615D4001D8736 /* SearchCellModel.swift */,
			);
			path = Cell;
			sourceTree = "<group>";
		};
		A81603D726972B7F00551C97 /* Models */ = {
			isa = PBXGroup;
			children = (
				A81603D526972B7800551C97 /* iTunesItem.swift */,
				A81603D826972E7600551C97 /* iTunesList.swift */,
			);
			path = Models;
			sourceTree = "<group>";
		};
		A816043D2697523300551C97 /* Services */ = {
			isa = PBXGroup;
			children = (
				A816043726973DBA00551C97 /* SearchError.swift */,
				A81603DA26972EC400551C97 /* SearchService.swift */,
				A816043926973E7700551C97 /* ImageService.swift */,
				A816043B26973F2900551C97 /* ImageCache.swift */,
				A887FCF226A3872500CC3D52 /* TrackDownloader.swift */,
			);
			path = Services;
			sourceTree = "<group>";
		};
		F46E6AD3267A466D00C30769 = {
			isa = PBXGroup;
			children = (
				F46E6ADE267A466D00C30769 /* iTunesSearch */,
				F46E6ADD267A466D00C30769 /* Products */,
			);
			sourceTree = "<group>";
		};
		F46E6ADD267A466D00C30769 /* Products */ = {
			isa = PBXGroup;
			children = (
				F46E6ADC267A466D00C30769 /* iTunesSearch.app */,
			);
			name = Products;
			sourceTree = "<group>";
		};
		F46E6ADE267A466D00C30769 /* iTunesSearch */ = {
			isa = PBXGroup;
			children = (
				A812CD8D2695FB95001D8736 /* Search */,
				A8131B302699AD1800AB0A53 /* Preview */,
				A816043D2697523300551C97 /* Services */,
				A81603D726972B7F00551C97 /* Models */,
				A812CD8F2695FBC8001D8736 /* System */,
				A812CD8E2695FBAC001D8736 /* Resourses */,
				F46E6AED267A466E00C30769 /* Info.plist */,
				F4BEE7BD267A822F0063C1B1 /* README.md */,
			);
			path = iTunesSearch;
			sourceTree = "<group>";
		};
/* End PBXGroup section */

/* Begin PBXNativeTarget section */
		F46E6ADB267A466D00C30769 /* iTunesSearch */ = {
			isa = PBXNativeTarget;
			buildConfigurationList = F46E6AF0267A466E00C30769 /* Build configuration list for PBXNativeTarget "iTunesSearch" */;
			buildPhases = (
				F46E6AD8267A466D00C30769 /* Sources */,
				F46E6AD9267A466D00C30769 /* Frameworks */,
				F46E6ADA267A466D00C30769 /* Resources */,
				A812CD9426961681001D8736 /* ShellScript */,
			);
			buildRules = (
			);
			dependencies = (
			);
			name = iTunesSearch;
			productName = iTunesSearch;
			productReference = F46E6ADC267A466D00C30769 /* iTunesSearch.app */;
			productType = "com.apple.product-type.application";
		};
/* End PBXNativeTarget section */

/* Begin PBXProject section */
		F46E6AD4267A466D00C30769 /* Project object */ = {
			isa = PBXProject;
			attributes = {
				LastSwiftUpdateCheck = 1240;
				LastUpgradeCheck = 1240;
				TargetAttributes = {
					F46E6ADB267A466D00C30769 = {
						CreatedOnToolsVersion = 12.4;
					};
				};
			};
			buildConfigurationList = F46E6AD7267A466D00C30769 /* Build configuration list for PBXProject "iTunesSearch" */;
			compatibilityVersion = "Xcode 9.3";
			developmentRegion = en;
			hasScannedForEncodings = 0;
			knownRegions = (
				en,
				Base,
			);
			mainGroup = F46E6AD3267A466D00C30769;
			productRefGroup = F46E6ADD267A466D00C30769 /* Products */;
			projectDirPath = "";
			projectRoot = "";
			targets = (
				F46E6ADB267A466D00C30769 /* iTunesSearch */,
			);
		};
/* End PBXProject section */

/* Begin PBXResourcesBuildPhase section */
		F46E6ADA267A466D00C30769 /* Resources */ = {
			isa = PBXResourcesBuildPhase;
			buildActionMask = 2147483647;
			files = (
				F4BEE7BE267A822F0063C1B1 /* README.md in Resources */,
				F46E6AEC267A466E00C30769 /* LaunchScreen.storyboard in Resources */,
				F46E6AE9267A466E00C30769 /* Assets.xcassets in Resources */,
			);
			runOnlyForDeploymentPostprocessing = 0;
		};
/* End PBXResourcesBuildPhase section */

/* Begin PBXShellScriptBuildPhase section */
		A812CD9426961681001D8736 /* ShellScript */ = {
			isa = PBXShellScriptBuildPhase;
			buildActionMask = 2147483647;
			files = (
			);
			inputFileListPaths = (
			);
			inputPaths = (
			);
			outputFileListPaths = (
			);
			outputPaths = (
			);
			runOnlyForDeploymentPostprocessing = 0;
			shellPath = /bin/sh;
			shellScript = "# Type a script or drag a script file from your workspace to insert its path.\nif which swiftformat >/dev/null; then\nswiftformat --config \"$SRCROOT/.swiftformat.config\" --swiftversion \"5.3.2\" \"$SRCROOT\"\nelse\necho \"warning: SwiftFormat not installed\"\nexit 1\nfi\n";
		};
/* End PBXShellScriptBuildPhase section */

/* Begin PBXSourcesBuildPhase section */
		F46E6AD8267A466D00C30769 /* Sources */ = {
			isa = PBXSourcesBuildPhase;
			buildActionMask = 2147483647;
			files = (
				A8131B322699AD4300AB0A53 /* PreviewViewModel.swift in Sources */,
				A816043C26973F2900551C97 /* ImageCache.swift in Sources */,
				A812CD8C2695CFAB001D8736 /* SearchCell.swift in Sources */,
				A812CD912695FE59001D8736 /* SearchCounterLabel.swift in Sources */,
				A812CD882695C456001D8736 /* Router.swift in Sources */,
				A8C6512C269F418F007C2751 /* PreviewViewControllerLayout.swift in Sources */,
				A816043826973DBA00551C97 /* SearchError.swift in Sources */,
				A809A32C269CA82B00519D6B /* PreviewTitleLabel.swift in Sources */,
				A81603DB26972EC400551C97 /* SearchService.swift in Sources */,
				A809A334269CAECD00519D6B /* TrackPreviewAudio.swift in Sources */,
				A81603D626972B7800551C97 /* iTunesItem.swift in Sources */,
				A816043F26976FB000551C97 /* Logger.swift in Sources */,
				A81604362697350200551C97 /* SearchToast.swift in Sources */,
				A812CD8A2695CB4D001D8736 /* SearchViewModel.swift in Sources */,
				F46E6AE0267A466D00C30769 /* AppDelegate.swift in Sources */,
				A816043A26973E7700551C97 /* ImageService.swift in Sources */,
				A8131B2D2699ABE000AB0A53 /* SearchCellLayout.swift in Sources */,
				A86875982695B356008C7D1D /* SearchViewController.swift in Sources */,
				A809A32F269CAE6100519D6B /* TrackPlayerView.swift in Sources */,
				A887FCF326A3872500CC3D52 /* TrackDownloader.swift in Sources */,
				A812CD93269615D4001D8736 /* SearchCellModel.swift in Sources */,
				F46E6AE2267A466D00C30769 /* SceneDelegate.swift in Sources */,
				A81603D926972E7600551C97 /* iTunesList.swift in Sources */,
				A8131B2F2699AD1000AB0A53 /* PreviewViewController.swift in Sources */,
			);
			runOnlyForDeploymentPostprocessing = 0;
		};
/* End PBXSourcesBuildPhase section */

/* Begin PBXVariantGroup section */
		F46E6AEA267A466E00C30769 /* LaunchScreen.storyboard */ = {
			isa = PBXVariantGroup;
			children = (
				F46E6AEB267A466E00C30769 /* Base */,
			);
			name = LaunchScreen.storyboard;
			sourceTree = "<group>";
		};
/* End PBXVariantGroup section */

/* Begin XCBuildConfiguration section */
		F46E6AEE267A466E00C30769 /* Debug */ = {
			isa = XCBuildConfiguration;
			buildSettings = {
				ALWAYS_SEARCH_USER_PATHS = NO;
				CLANG_ANALYZER_NONNULL = YES;
				CLANG_ANALYZER_NUMBER_OBJECT_CONVERSION = YES_AGGRESSIVE;
				CLANG_CXX_LANGUAGE_STANDARD = "gnu++14";
				CLANG_CXX_LIBRARY = "libc++";
				CLANG_ENABLE_MODULES = YES;
				CLANG_ENABLE_OBJC_ARC = YES;
				CLANG_ENABLE_OBJC_WEAK = YES;
				CLANG_WARN_BLOCK_CAPTURE_AUTORELEASING = YES;
				CLANG_WARN_BOOL_CONVERSION = YES;
				CLANG_WARN_COMMA = YES;
				CLANG_WARN_CONSTANT_CONVERSION = YES;
				CLANG_WARN_DEPRECATED_OBJC_IMPLEMENTATIONS = YES;
				CLANG_WARN_DIRECT_OBJC_ISA_USAGE = YES_ERROR;
				CLANG_WARN_DOCUMENTATION_COMMENTS = YES;
				CLANG_WARN_EMPTY_BODY = YES;
				CLANG_WARN_ENUM_CONVERSION = YES;
				CLANG_WARN_INFINITE_RECURSION = YES;
				CLANG_WARN_INT_CONVERSION = YES;
				CLANG_WARN_NON_LITERAL_NULL_CONVERSION = YES;
				CLANG_WARN_OBJC_IMPLICIT_RETAIN_SELF = YES;
				CLANG_WARN_OBJC_LITERAL_CONVERSION = YES;
				CLANG_WARN_OBJC_ROOT_CLASS = YES_ERROR;
				CLANG_WARN_QUOTED_INCLUDE_IN_FRAMEWORK_HEADER = YES;
				CLANG_WARN_RANGE_LOOP_ANALYSIS = YES;
				CLANG_WARN_STRICT_PROTOTYPES = YES;
				CLANG_WARN_SUSPICIOUS_MOVE = YES;
				CLANG_WARN_UNGUARDED_AVAILABILITY = YES_AGGRESSIVE;
				CLANG_WARN_UNREACHABLE_CODE = YES;
				CLANG_WARN__DUPLICATE_METHOD_MATCH = YES;
				COPY_PHASE_STRIP = NO;
				DEBUG_INFORMATION_FORMAT = dwarf;
				ENABLE_STRICT_OBJC_MSGSEND = YES;
				ENABLE_TESTABILITY = YES;
				GCC_C_LANGUAGE_STANDARD = gnu11;
				GCC_DYNAMIC_NO_PIC = NO;
				GCC_NO_COMMON_BLOCKS = YES;
				GCC_OPTIMIZATION_LEVEL = 0;
				GCC_PREPROCESSOR_DEFINITIONS = (
					"DEBUG=1",
					"$(inherited)",
				);
				GCC_WARN_64_TO_32_BIT_CONVERSION = YES;
				GCC_WARN_ABOUT_RETURN_TYPE = YES_ERROR;
				GCC_WARN_UNDECLARED_SELECTOR = YES;
				GCC_WARN_UNINITIALIZED_AUTOS = YES_AGGRESSIVE;
				GCC_WARN_UNUSED_FUNCTION = YES;
				GCC_WARN_UNUSED_VARIABLE = YES;
				IPHONEOS_DEPLOYMENT_TARGET = 14.4;
				MTL_ENABLE_DEBUG_INFO = INCLUDE_SOURCE;
				MTL_FAST_MATH = YES;
				ONLY_ACTIVE_ARCH = YES;
				SDKROOT = iphoneos;
				SWIFT_ACTIVE_COMPILATION_CONDITIONS = DEBUG;
				SWIFT_OPTIMIZATION_LEVEL = "-Onone";
			};
			name = Debug;
		};
		F46E6AEF267A466E00C30769 /* Release */ = {
			isa = XCBuildConfiguration;
			buildSettings = {
				ALWAYS_SEARCH_USER_PATHS = NO;
				CLANG_ANALYZER_NONNULL = YES;
				CLANG_ANALYZER_NUMBER_OBJECT_CONVERSION = YES_AGGRESSIVE;
				CLANG_CXX_LANGUAGE_STANDARD = "gnu++14";
				CLANG_CXX_LIBRARY = "libc++";
				CLANG_ENABLE_MODULES = YES;
				CLANG_ENABLE_OBJC_ARC = YES;
				CLANG_ENABLE_OBJC_WEAK = YES;
				CLANG_WARN_BLOCK_CAPTURE_AUTORELEASING = YES;
				CLANG_WARN_BOOL_CONVERSION = YES;
				CLANG_WARN_COMMA = YES;
				CLANG_WARN_CONSTANT_CONVERSION = YES;
				CLANG_WARN_DEPRECATED_OBJC_IMPLEMENTATIONS = YES;
				CLANG_WARN_DIRECT_OBJC_ISA_USAGE = YES_ERROR;
				CLANG_WARN_DOCUMENTATION_COMMENTS = YES;
				CLANG_WARN_EMPTY_BODY = YES;
				CLANG_WARN_ENUM_CONVERSION = YES;
				CLANG_WARN_INFINITE_RECURSION = YES;
				CLANG_WARN_INT_CONVERSION = YES;
				CLANG_WARN_NON_LITERAL_NULL_CONVERSION = YES;
				CLANG_WARN_OBJC_IMPLICIT_RETAIN_SELF = YES;
				CLANG_WARN_OBJC_LITERAL_CONVERSION = YES;
				CLANG_WARN_OBJC_ROOT_CLASS = YES_ERROR;
				CLANG_WARN_QUOTED_INCLUDE_IN_FRAMEWORK_HEADER = YES;
				CLANG_WARN_RANGE_LOOP_ANALYSIS = YES;
				CLANG_WARN_STRICT_PROTOTYPES = YES;
				CLANG_WARN_SUSPICIOUS_MOVE = YES;
				CLANG_WARN_UNGUARDED_AVAILABILITY = YES_AGGRESSIVE;
				CLANG_WARN_UNREACHABLE_CODE = YES;
				CLANG_WARN__DUPLICATE_METHOD_MATCH = YES;
				COPY_PHASE_STRIP = NO;
				DEBUG_INFORMATION_FORMAT = "dwarf-with-dsym";
				ENABLE_NS_ASSERTIONS = NO;
				ENABLE_STRICT_OBJC_MSGSEND = YES;
				GCC_C_LANGUAGE_STANDARD = gnu11;
				GCC_NO_COMMON_BLOCKS = YES;
				GCC_WARN_64_TO_32_BIT_CONVERSION = YES;
				GCC_WARN_ABOUT_RETURN_TYPE = YES_ERROR;
				GCC_WARN_UNDECLARED_SELECTOR = YES;
				GCC_WARN_UNINITIALIZED_AUTOS = YES_AGGRESSIVE;
				GCC_WARN_UNUSED_FUNCTION = YES;
				GCC_WARN_UNUSED_VARIABLE = YES;
				IPHONEOS_DEPLOYMENT_TARGET = 14.4;
				MTL_ENABLE_DEBUG_INFO = NO;
				MTL_FAST_MATH = YES;
				SDKROOT = iphoneos;
				SWIFT_COMPILATION_MODE = wholemodule;
				SWIFT_OPTIMIZATION_LEVEL = "-O";
				VALIDATE_PRODUCT = YES;
			};
			name = Release;
		};
		F46E6AF1267A466E00C30769 /* Debug */ = {
			isa = XCBuildConfiguration;
			buildSettings = {
				ASSETCATALOG_COMPILER_APPICON_NAME = AppIcon;
				ASSETCATALOG_COMPILER_GLOBAL_ACCENT_COLOR_NAME = AccentColor;
				CODE_SIGN_STYLE = Automatic;
				INFOPLIST_FILE = iTunesSearch/Info.plist;
				IPHONEOS_DEPLOYMENT_TARGET = 11.0;
				LD_RUNPATH_SEARCH_PATHS = (
					"$(inherited)",
					"@executable_path/Frameworks",
				);
				PRODUCT_BUNDLE_IDENTIFIER = AS.iTunesSearch;
				PRODUCT_NAME = "$(TARGET_NAME)";
				SWIFT_VERSION = 5.0;
				TARGETED_DEVICE_FAMILY = "1,2";
			};
			name = Debug;
		};
		F46E6AF2267A466E00C30769 /* Release */ = {
			isa = XCBuildConfiguration;
			buildSettings = {
				ASSETCATALOG_COMPILER_APPICON_NAME = AppIcon;
				ASSETCATALOG_COMPILER_GLOBAL_ACCENT_COLOR_NAME = AccentColor;
				CODE_SIGN_STYLE = Automatic;
				INFOPLIST_FILE = iTunesSearch/Info.plist;
				IPHONEOS_DEPLOYMENT_TARGET = 11.0;
				LD_RUNPATH_SEARCH_PATHS = (
					"$(inherited)",
					"@executable_path/Frameworks",
				);
				PRODUCT_BUNDLE_IDENTIFIER = AS.iTunesSearch;
				PRODUCT_NAME = "$(TARGET_NAME)";
				SWIFT_VERSION = 5.0;
				TARGETED_DEVICE_FAMILY = "1,2";
			};
			name = Release;
		};
/* End XCBuildConfiguration section */

/* Begin XCConfigurationList section */
		F46E6AD7267A466D00C30769 /* Build configuration list for PBXProject "iTunesSearch" */ = {
			isa = XCConfigurationList;
			buildConfigurations = (
				F46E6AEE267A466E00C30769 /* Debug */,
				F46E6AEF267A466E00C30769 /* Release */,
			);
			defaultConfigurationIsVisible = 0;
			defaultConfigurationName = Release;
		};
		F46E6AF0267A466E00C30769 /* Build configuration list for PBXNativeTarget "iTunesSearch" */ = {
			isa = XCConfigurationList;
			buildConfigurations = (
				F46E6AF1267A466E00C30769 /* Debug */,
				F46E6AF2267A466E00C30769 /* Release */,
			);
			defaultConfigurationIsVisible = 0;
			defaultConfigurationName = Release;
		};
/* End XCConfigurationList section */
	};
	rootObject = F46E6AD4267A466D00C30769 /* Project object */;
}
